[root]
name = "strong_rc"
version = "0.1.0"
dependencies = [
 "field-offset 0.1.1 (registry+https://github.com/rust-lang/crates.io-index)",
]

[[package]]
name = "field-offset"
version = "0.1.1"
source = "registry+https://github.com/rust-lang/crates.io-index"

[metadata]
"checksum field-offset 0.1.1 (registry+https://github.com/rust-lang/crates.io-index)" = "64e9bc339e426139e02601fa69d101e96a92aee71b58bc01697ec2a63a5c9e68"
